
Microsoft Visual Studio Solution File, Format Version 12.00
# Visual Studio 15
VisualStudioVersion = 15.0.28307.168
MinimumVisualStudioVersion = 10.0.40219.1
Project("{D954291E-2A0B-460D-934E-DC6B0785DB48}") = "PlayFabExample.SharedProject", "PlayFabExample.SharedProject\PlayFabExample.SharedProject.shproj", "{737CF82A-7189-4257-AEA8-106557D10CA3}"
EndProject
Project("{FAE04EC0-301F-11D3-BF4B-00C04F79EFBC}") = "PlayFabExample.WindowsDX", "PlayFabExample.WindowsDX\PlayFabExample.WindowsDX.csproj", "{C6E8EB85-8AB3-4711-A98B-2442B0DC0EA2}"
EndProject
Project("{FAE04EC0-301F-11D3-BF4B-00C04F79EFBC}") = "PlayFabExample.Android", "PlayFabExample.Android\PlayFabExample.Android.csproj", "{58F4E26E-D272-41A5-BE21-F8FFBD3F80F2}"
EndProject
Project("{FAE04EC0-301F-11D3-BF4B-00C04F79EFBC}") = "PlayFabExample.iOS", "PlayFabExample.iOS\PlayFabExample.iOS.csproj", "{838D05D9-8ADB-4B4A-973D-E68FDFCEFE47}"
EndProject
Global
	GlobalSection(SharedMSBuildProjectFiles) = preSolution
		PlayFabExample.SharedProject\PlayFabExample.SharedProject.projitems*{58f4e26e-d272-41a5-be21-f8ffbd3f80f2}*SharedItemsImports = 4
		PlayFabExample.SharedProject\PlayFabExample.SharedProject.projitems*{737cf82a-7189-4257-aea8-106557d10ca3}*SharedItemsImports = 13
		PlayFabExample.SharedProject\PlayFabExample.SharedProject.projitems*{838d05d9-8adb-4b4a-973d-e68fdfcefe47}*SharedItemsImports = 4
		PlayFabExample.SharedProject\PlayFabExample.SharedProject.projitems*{c6e8eb85-8ab3-4711-a98b-2442b0dc0ea2}*SharedItemsImports = 4
	EndGlobalSection
	GlobalSection(SolutionConfigurationPlatforms) = preSolution
		Ad-Hoc|Any CPU = Ad-Hoc|Any CPU
		Ad-Hoc|iPhone = Ad-Hoc|iPhone
		Ad-Hoc|iPhoneSimulator = Ad-Hoc|iPhoneSimulator
		Ad-Hoc|x86 = Ad-Hoc|x86
		AppStore|Any CPU = AppStore|Any CPU
		AppStore|iPhone = AppStore|iPhone
		AppStore|iPhoneSimulator = AppStore|iPhoneSimulator
		AppStore|x86 = AppStore|x86
		Debug|Any CPU = Debug|Any CPU
		Debug|iPhone = Debug|iPhone
		Debug|iPhoneSimulator = Debug|iPhoneSimulator
		Debug|x86 = Debug|x86
		Release|Any CPU = Release|Any CPU
		Release|iPhone = Release|iPhone
		Release|iPhoneSimulator = Release|iPhoneSimulator
		Release|x86 = Release|x86
	EndGlobalSection
	GlobalSection(ProjectConfigurationPlatforms) = postSolution
		{C6E8EB85-8AB3-4711-A98B-2442B0DC0EA2}.Ad-Hoc|Any CPU.ActiveCfg = Release|x86
		{C6E8EB85-8AB3-4711-A98B-2442B0DC0EA2}.Ad-Hoc|Any CPU.Build.0 = Release|x86
		{C6E8EB85-8AB3-4711-A98B-2442B0DC0EA2}.Ad-Hoc|iPhone.ActiveCfg = Release|x86
		{C6E8EB85-8AB3-4711-A98B-2442B0DC0EA2}.Ad-Hoc|iPhone.Build.0 = Release|x86
		{C6E8EB85-8AB3-4711-A98B-2442B0DC0EA2}.Ad-Hoc|iPhoneSimulator.ActiveCfg = Release|x86
		{C6E8EB85-8AB3-4711-A98B-2442B0DC0EA2}.Ad-Hoc|iPhoneSimulator.Build.0 = Release|x86
		{C6E8EB85-8AB3-4711-A98B-2442B0DC0EA2}.Ad-Hoc|x86.ActiveCfg = Release|x86
		{C6E8EB85-8AB3-4711-A98B-2442B0DC0EA2}.Ad-Hoc|x86.Build.0 = Release|x86
		{C6E8EB85-8AB3-4711-A98B-2442B0DC0EA2}.AppStore|Any CPU.ActiveCfg = Release|x86
		{C6E8EB85-8AB3-4711-A98B-2442B0DC0EA2}.AppStore|Any CPU.Build.0 = Release|x86
		{C6E8EB85-8AB3-4711-A98B-2442B0DC0EA2}.AppStore|iPhone.ActiveCfg = Release|x86
		{C6E8EB85-8AB3-4711-A98B-2442B0DC0EA2}.AppStore|iPhone.Build.0 = Release|x86
		{C6E8EB85-8AB3-4711-A98B-2442B0DC0EA2}.AppStore|iPhoneSimulator.ActiveCfg = Release|x86
		{C6E8EB85-8AB3-4711-A98B-2442B0DC0EA2}.AppStore|iPhoneSimulator.Build.0 = Release|x86
		{C6E8EB85-8AB3-4711-A98B-2442B0DC0EA2}.AppStore|x86.ActiveCfg = Release|x86
		{C6E8EB85-8AB3-4711-A98B-2442B0DC0EA2}.AppStore|x86.Build.0 = Release|x86
		{C6E8EB85-8AB3-4711-A98B-2442B0DC0EA2}.Debug|Any CPU.ActiveCfg = Debug|Any CPU
		{C6E8EB85-8AB3-4711-A98B-2442B0DC0EA2}.Debug|Any CPU.Build.0 = Debug|Any CPU
		{C6E8EB85-8AB3-4711-A98B-2442B0DC0EA2}.Debug|iPhone.ActiveCfg = Debug|x86
		{C6E8EB85-8AB3-4711-A98B-2442B0DC0EA2}.Debug|iPhoneSimulator.ActiveCfg = Debug|x86
		{C6E8EB85-8AB3-4711-A98B-2442B0DC0EA2}.Debug|x86.ActiveCfg = Debug|x86
		{C6E8EB85-8AB3-4711-A98B-2442B0DC0EA2}.Debug|x86.Build.0 = Debug|x86
		{C6E8EB85-8AB3-4711-A98B-2442B0DC0EA2}.Release|Any CPU.ActiveCfg = Release|x86
		{C6E8EB85-8AB3-4711-A98B-2442B0DC0EA2}.Release|iPhone.ActiveCfg = Release|x86
		{C6E8EB85-8AB3-4711-A98B-2442B0DC0EA2}.Release|iPhoneSimulator.ActiveCfg = Release|x86
		{C6E8EB85-8AB3-4711-A98B-2442B0DC0EA2}.Release|x86.ActiveCfg = Release|x86
		{C6E8EB85-8AB3-4711-A98B-2442B0DC0EA2}.Release|x86.Build.0 = Release|x86
		{58F4E26E-D272-41A5-BE21-F8FFBD3F80F2}.Ad-Hoc|Any CPU.ActiveCfg = Release|Any CPU
		{58F4E26E-D272-41A5-BE21-F8FFBD3F80F2}.Ad-Hoc|Any CPU.Build.0 = Release|Any CPU
		{58F4E26E-D272-41A5-BE21-F8FFBD3F80F2}.Ad-Hoc|Any CPU.Deploy.0 = Release|Any CPU
		{58F4E26E-D272-41A5-BE21-F8FFBD3F80F2}.Ad-Hoc|iPhone.ActiveCfg = Release|Any CPU
		{58F4E26E-D272-41A5-BE21-F8FFBD3F80F2}.Ad-Hoc|iPhone.Build.0 = Release|Any CPU
		{58F4E26E-D272-41A5-BE21-F8FFBD3F80F2}.Ad-Hoc|iPhone.Deploy.0 = Release|Any CPU
		{58F4E26E-D272-41A5-BE21-F8FFBD3F80F2}.Ad-Hoc|iPhoneSimulator.ActiveCfg = Release|Any CPU
		{58F4E26E-D272-41A5-BE21-F8FFBD3F80F2}.Ad-Hoc|iPhoneSimulator.Build.0 = Release|Any CPU
		{58F4E26E-D272-41A5-BE21-F8FFBD3F80F2}.Ad-Hoc|iPhoneSimulator.Deploy.0 = Release|Any CPU
		{58F4E26E-D272-41A5-BE21-F8FFBD3F80F2}.Ad-Hoc|x86.ActiveCfg = Release|Any CPU
		{58F4E26E-D272-41A5-BE21-F8FFBD3F80F2}.Ad-Hoc|x86.Build.0 = Release|Any CPU
		{58F4E26E-D272-41A5-BE21-F8FFBD3F80F2}.Ad-Hoc|x86.Deploy.0 = Release|Any CPU
		{58F4E26E-D272-41A5-BE21-F8FFBD3F80F2}.AppStore|Any CPU.ActiveCfg = Release|Any CPU
		{58F4E26E-D272-41A5-BE21-F8FFBD3F80F2}.AppStore|Any CPU.Build.0 = Release|Any CPU
		{58F4E26E-D272-41A5-BE21-F8FFBD3F80F2}.AppStore|Any CPU.Deploy.0 = Release|Any CPU
		{58F4E26E-D272-41A5-BE21-F8FFBD3F80F2}.AppStore|iPhone.ActiveCfg = Release|Any CPU
		{58F4E26E-D272-41A5-BE21-F8FFBD3F80F2}.AppStore|iPhone.Build.0 = Release|Any CPU
		{58F4E26E-D272-41A5-BE21-F8FFBD3F80F2}.AppStore|iPhone.Deploy.0 = Release|Any CPU
		{58F4E26E-D272-41A5-BE21-F8FFBD3F80F2}.AppStore|iPhoneSimulator.ActiveCfg = Release|Any CPU
		{58F4E26E-D272-41A5-BE21-F8FFBD3F80F2}.AppStore|iPhoneSimulator.Build.0 = Release|Any CPU
		{58F4E26E-D272-41A5-BE21-F8FFBD3F80F2}.AppStore|iPhoneSimulator.Deploy.0 = Release|Any CPU
		{58F4E26E-D272-41A5-BE21-F8FFBD3F80F2}.AppStore|x86.ActiveCfg = Release|Any CPU
		{58F4E26E-D272-41A5-BE21-F8FFBD3F80F2}.AppStore|x86.Build.0 = Release|Any CPU
		{58F4E26E-D272-41A5-BE21-F8FFBD3F80F2}.AppStore|x86.Deploy.0 = Release|Any CPU
		{58F4E26E-D272-41A5-BE21-F8FFBD3F80F2}.Debug|Any CPU.ActiveCfg = Debug|Any CPU
		{58F4E26E-D272-41A5-BE21-F8FFBD3F80F2}.Debug|Any CPU.Build.0 = Debug|Any CPU
		{58F4E26E-D272-41A5-BE21-F8FFBD3F80F2}.Debug|Any CPU.Deploy.0 = Debug|Any CPU
		{58F4E26E-D272-41A5-BE21-F8FFBD3F80F2}.Debug|iPhone.ActiveCfg = Debug|Any CPU
		{58F4E26E-D272-41A5-BE21-F8FFBD3F80F2}.Debug|iPhone.Build.0 = Debug|Any CPU
		{58F4E26E-D272-41A5-BE21-F8FFBD3F80F2}.Debug|iPhone.Deploy.0 = Debug|Any CPU
		{58F4E26E-D272-41A5-BE21-F8FFBD3F80F2}.Debug|iPhoneSimulator.ActiveCfg = Debug|Any CPU
		{58F4E26E-D272-41A5-BE21-F8FFBD3F80F2}.Debug|iPhoneSimulator.Build.0 = Debug|Any CPU
		{58F4E26E-D272-41A5-BE21-F8FFBD3F80F2}.Debug|iPhoneSimulator.Deploy.0 = Debug|Any CPU
		{58F4E26E-D272-41A5-BE21-F8FFBD3F80F2}.Debug|x86.ActiveCfg = Debug|Any CPU
		{58F4E26E-D272-41A5-BE21-F8FFBD3F80F2}.Debug|x86.Build.0 = Debug|Any CPU
		{58F4E26E-D272-41A5-BE21-F8FFBD3F80F2}.Debug|x86.Deploy.0 = Debug|Any CPU
		{58F4E26E-D272-41A5-BE21-F8FFBD3F80F2}.Release|Any CPU.ActiveCfg = Release|Any CPU
		{58F4E26E-D272-41A5-BE21-F8FFBD3F80F2}.Release|Any CPU.Build.0 = Release|Any CPU
		{58F4E26E-D272-41A5-BE21-F8FFBD3F80F2}.Release|Any CPU.Deploy.0 = Release|Any CPU
		{58F4E26E-D272-41A5-BE21-F8FFBD3F80F2}.Release|iPhone.ActiveCfg = Release|Any CPU
		{58F4E26E-D272-41A5-BE21-F8FFBD3F80F2}.Release|iPhone.Build.0 = Release|Any CPU
		{58F4E26E-D272-41A5-BE21-F8FFBD3F80F2}.Release|iPhone.Deploy.0 = Release|Any CPU
		{58F4E26E-D272-41A5-BE21-F8FFBD3F80F2}.Release|iPhoneSimulator.ActiveCfg = Release|Any CPU
		{58F4E26E-D272-41A5-BE21-F8FFBD3F80F2}.Release|iPhoneSimulator.Build.0 = Release|Any CPU
		{58F4E26E-D272-41A5-BE21-F8FFBD3F80F2}.Release|iPhoneSimulator.Deploy.0 = Release|Any CPU
		{58F4E26E-D272-41A5-BE21-F8FFBD3F80F2}.Release|x86.ActiveCfg = Release|Any CPU
		{58F4E26E-D272-41A5-BE21-F8FFBD3F80F2}.Release|x86.Build.0 = Release|Any CPU
		{58F4E26E-D272-41A5-BE21-F8FFBD3F80F2}.Release|x86.Deploy.0 = Release|Any CPU
		{838D05D9-8ADB-4B4A-973D-E68FDFCEFE47}.Ad-Hoc|Any CPU.ActiveCfg = Ad-Hoc|iPhone
		{838D05D9-8ADB-4B4A-973D-E68FDFCEFE47}.Ad-Hoc|iPhone.ActiveCfg = Ad-Hoc|iPhone
		{838D05D9-8ADB-4B4A-973D-E68FDFCEFE47}.Ad-Hoc|iPhone.Build.0 = Ad-Hoc|iPhone
		{838D05D9-8ADB-4B4A-973D-E68FDFCEFE47}.Ad-Hoc|iPhoneSimulator.ActiveCfg = Ad-Hoc|iPhoneSimulator
		{838D05D9-8ADB-4B4A-973D-E68FDFCEFE47}.Ad-Hoc|iPhoneSimulator.Build.0 = Ad-Hoc|iPhoneSimulator
		{838D05D9-8ADB-4B4A-973D-E68FDFCEFE47}.Ad-Hoc|x86.ActiveCfg = Ad-Hoc|iPhone
		{838D05D9-8ADB-4B4A-973D-E68FDFCEFE47}.AppStore|Any CPU.ActiveCfg = AppStore|iPhone
		{838D05D9-8ADB-4B4A-973D-E68FDFCEFE47}.AppStore|iPhone.ActiveCfg = AppStore|iPhone
		{838D05D9-8ADB-4B4A-973D-E68FDFCEFE47}.AppStore|iPhone.Build.0 = AppStore|iPhone
		{838D05D9-8ADB-4B4A-973D-E68FDFCEFE47}.AppStore|iPhoneSimulator.ActiveCfg = AppStore|iPhoneSimulator
		{838D05D9-8ADB-4B4A-973D-E68FDFCEFE47}.AppStore|iPhoneSimulator.Build.0 = AppStore|iPhoneSimulator
		{838D05D9-8ADB-4B4A-973D-E68FDFCEFE47}.AppStore|x86.ActiveCfg = AppStore|iPhone
		{838D05D9-8ADB-4B4A-973D-E68FDFCEFE47}.Debug|Any CPU.ActiveCfg = Debug|iPhone
		{838D05D9-8ADB-4B4A-973D-E68FDFCEFE47}.Debug|iPhone.ActiveCfg = Debug|iPhone
		{838D05D9-8ADB-4B4A-973D-E68FDFCEFE47}.Debug|iPhone.Build.0 = Debug|iPhone
		{838D05D9-8ADB-4B4A-973D-E68FDFCEFE47}.Debug|iPhoneSimulator.ActiveCfg = Debug|iPhoneSimulator
		{838D05D9-8ADB-4B4A-973D-E68FDFCEFE47}.Debug|iPhoneSimulator.Build.0 = Debug|iPhoneSimulator
		{838D05D9-8ADB-4B4A-973D-E68FDFCEFE47}.Debug|x86.ActiveCfg = Debug|iPhone
		{838D05D9-8ADB-4B4A-973D-E68FDFCEFE47}.Release|Any CPU.ActiveCfg = Release|iPhone
		{838D05D9-8ADB-4B4A-973D-E68FDFCEFE47}.Release|iPhone.ActiveCfg = Release|iPhone
		{838D05D9-8ADB-4B4A-973D-E68FDFCEFE47}.Release|iPhone.Build.0 = Release|iPhone
		{838D05D9-8ADB-4B4A-973D-E68FDFCEFE47}.Release|iPhoneSimulator.ActiveCfg = Release|iPhoneSimulator
		{838D05D9-8ADB-4B4A-973D-E68FDFCEFE47}.Release|iPhoneSimulator.Build.0 = Release|iPhoneSimulator
		{838D05D9-8ADB-4B4A-973D-E68FDFCEFE47}.Release|x86.ActiveCfg = Release|iPhone
	EndGlobalSection
	GlobalSection(SolutionProperties) = preSolution
		HideSolutionNode = FALSE
	EndGlobalSection
	GlobalSection(ExtensibilityGlobals) = postSolution
		SolutionGuid = {BCCF43E9-E5AA-413C-8D6E-2AB545D61F6F}
	EndGlobalSection
EndGlobal
