
Microsoft Visual Studio Solution File, Format Version 12.00
# Visual Studio 15
VisualStudioVersion = 15.0.28307.168
MinimumVisualStudioVersion = 10.0.40219.1
Project("{FAE04EC0-301F-11D3-BF4B-00C04F79EFBC}") = "PlayFabExample.Android", "PlayFabExample.Android\PlayFabExample.Android.csproj", "{F9096841-DF7F-41C1-8D9B-BE24D1CAF971}"
EndProject
Project("{FAE04EC0-301F-11D3-BF4B-00C04F79EFBC}") = "PlayFabExample.iOS", "PlayFabExample.iOS\PlayFabExample.iOS.csproj", "{87FB2945-D809-49E8-89D0-80C4C31A3A5C}"
EndProject
Project("{D954291E-2A0B-460D-934E-DC6B0785DB48}") = "PlayFab.SharedProject", "PlayFab.SharedProject\PlayFab.SharedProject.shproj", "{C4FEB55C-85E5-4641-97A9-786CA6C0346B}"
EndProject
Project("{D954291E-2A0B-460D-934E-DC6B0785DB48}") = "PlayFabExample.SharedProject", "PlayFabExample.SharedProject\PlayFabExample.SharedProject.shproj", "{737CF82A-7189-4257-AEA8-106557D10CA3}"
EndProject
Project("{FAE04EC0-301F-11D3-BF4B-00C04F79EFBC}") = "PlayFabExample.WindowsDX", "PlayFabExample.WindowsDX\PlayFabExample.WindowsDX.csproj", "{C6E8EB85-8AB3-4711-A98B-2442B0DC0EA2}"
EndProject
Global
	GlobalSection(SharedMSBuildProjectFiles) = preSolution
		PlayFabExample.SharedProject\PlayFabExample.SharedProject.projitems*{737cf82a-7189-4257-aea8-106557d10ca3}*SharedItemsImports = 13
		PlayFab.SharedProject\PlayFab.projitems*{87fb2945-d809-49e8-89d0-80c4c31a3a5c}*SharedItemsImports = 4
		PlayFabExample.SharedProject\PlayFabExample.projitems*{87fb2945-d809-49e8-89d0-80c4c31a3a5c}*SharedItemsImports = 4
		PlayFab.SharedProject\PlayFab.projitems*{c4feb55c-85e5-4641-97a9-786ca6c0346b}*SharedItemsImports = 13
		PlayFab.SharedProject\PlayFab.projitems*{c6e8eb85-8ab3-4711-a98b-2442b0dc0ea2}*SharedItemsImports = 4
		PlayFabExample.SharedProject\PlayFabExample.projitems*{c6e8eb85-8ab3-4711-a98b-2442b0dc0ea2}*SharedItemsImports = 4
		PlayFab.SharedProject\PlayFab.projitems*{f9096841-df7f-41c1-8d9b-be24d1caf971}*SharedItemsImports = 4
		PlayFabExample.SharedProject\PlayFabExample.SharedProject.projitems*{f9096841-df7f-41c1-8d9b-be24d1caf971}*SharedItemsImports = 4
	EndGlobalSection
	GlobalSection(SolutionConfigurationPlatforms) = preSolution
		Ad-Hoc|Any CPU = Ad-Hoc|Any CPU
		Ad-Hoc|iPhone = Ad-Hoc|iPhone
		Ad-Hoc|iPhoneSimulator = Ad-Hoc|iPhoneSimulator
		Ad-Hoc|x86 = Ad-Hoc|x86
		AppStore|Any CPU = AppStore|Any CPU
		AppStore|iPhone = AppStore|iPhone
		AppStore|iPhoneSimulator = AppStore|iPhoneSimulator
		AppStore|x86 = AppStore|x86
		Debug|Any CPU = Debug|Any CPU
		Debug|iPhone = Debug|iPhone
		Debug|iPhoneSimulator = Debug|iPhoneSimulator
		Debug|x86 = Debug|x86
		Release|Any CPU = Release|Any CPU
		Release|iPhone = Release|iPhone
		Release|iPhoneSimulator = Release|iPhoneSimulator
		Release|x86 = Release|x86
	EndGlobalSection
	GlobalSection(ProjectConfigurationPlatforms) = postSolution
		{F9096841-DF7F-41C1-8D9B-BE24D1CAF971}.Ad-Hoc|Any CPU.ActiveCfg = Release|Any CPU
		{F9096841-DF7F-41C1-8D9B-BE24D1CAF971}.Ad-Hoc|Any CPU.Build.0 = Release|Any CPU
		{F9096841-DF7F-41C1-8D9B-BE24D1CAF971}.Ad-Hoc|Any CPU.Deploy.0 = Release|Any CPU
		{F9096841-DF7F-41C1-8D9B-BE24D1CAF971}.Ad-Hoc|iPhone.ActiveCfg = Release|Any CPU
		{F9096841-DF7F-41C1-8D9B-BE24D1CAF971}.Ad-Hoc|iPhone.Build.0 = Release|Any CPU
		{F9096841-DF7F-41C1-8D9B-BE24D1CAF971}.Ad-Hoc|iPhone.Deploy.0 = Release|Any CPU
		{F9096841-DF7F-41C1-8D9B-BE24D1CAF971}.Ad-Hoc|iPhoneSimulator.ActiveCfg = Release|Any CPU
		{F9096841-DF7F-41C1-8D9B-BE24D1CAF971}.Ad-Hoc|iPhoneSimulator.Build.0 = Release|Any CPU
		{F9096841-DF7F-41C1-8D9B-BE24D1CAF971}.Ad-Hoc|iPhoneSimulator.Deploy.0 = Release|Any CPU
		{F9096841-DF7F-41C1-8D9B-BE24D1CAF971}.Ad-Hoc|x86.ActiveCfg = Release|Any CPU
		{F9096841-DF7F-41C1-8D9B-BE24D1CAF971}.Ad-Hoc|x86.Build.0 = Release|Any CPU
		{F9096841-DF7F-41C1-8D9B-BE24D1CAF971}.Ad-Hoc|x86.Deploy.0 = Release|Any CPU
		{F9096841-DF7F-41C1-8D9B-BE24D1CAF971}.AppStore|Any CPU.ActiveCfg = Release|Any CPU
		{F9096841-DF7F-41C1-8D9B-BE24D1CAF971}.AppStore|Any CPU.Build.0 = Release|Any CPU
		{F9096841-DF7F-41C1-8D9B-BE24D1CAF971}.AppStore|Any CPU.Deploy.0 = Release|Any CPU
		{F9096841-DF7F-41C1-8D9B-BE24D1CAF971}.AppStore|iPhone.ActiveCfg = Release|Any CPU
		{F9096841-DF7F-41C1-8D9B-BE24D1CAF971}.AppStore|iPhone.Build.0 = Release|Any CPU
		{F9096841-DF7F-41C1-8D9B-BE24D1CAF971}.AppStore|iPhone.Deploy.0 = Release|Any CPU
		{F9096841-DF7F-41C1-8D9B-BE24D1CAF971}.AppStore|iPhoneSimulator.ActiveCfg = Release|Any CPU
		{F9096841-DF7F-41C1-8D9B-BE24D1CAF971}.AppStore|iPhoneSimulator.Build.0 = Release|Any CPU
		{F9096841-DF7F-41C1-8D9B-BE24D1CAF971}.AppStore|iPhoneSimulator.Deploy.0 = Release|Any CPU
		{F9096841-DF7F-41C1-8D9B-BE24D1CAF971}.AppStore|x86.ActiveCfg = Release|Any CPU
		{F9096841-DF7F-41C1-8D9B-BE24D1CAF971}.AppStore|x86.Build.0 = Release|Any CPU
		{F9096841-DF7F-41C1-8D9B-BE24D1CAF971}.AppStore|x86.Deploy.0 = Release|Any CPU
		{F9096841-DF7F-41C1-8D9B-BE24D1CAF971}.Debug|Any CPU.ActiveCfg = Debug|Any CPU
		{F9096841-DF7F-41C1-8D9B-BE24D1CAF971}.Debug|Any CPU.Build.0 = Debug|Any CPU
		{F9096841-DF7F-41C1-8D9B-BE24D1CAF971}.Debug|Any CPU.Deploy.0 = Debug|Any CPU
		{F9096841-DF7F-41C1-8D9B-BE24D1CAF971}.Debug|iPhone.ActiveCfg = Debug|Any CPU
		{F9096841-DF7F-41C1-8D9B-BE24D1CAF971}.Debug|iPhone.Build.0 = Debug|Any CPU
		{F9096841-DF7F-41C1-8D9B-BE24D1CAF971}.Debug|iPhone.Deploy.0 = Debug|Any CPU
		{F9096841-DF7F-41C1-8D9B-BE24D1CAF971}.Debug|iPhoneSimulator.ActiveCfg = Debug|Any CPU
		{F9096841-DF7F-41C1-8D9B-BE24D1CAF971}.Debug|iPhoneSimulator.Build.0 = Debug|Any CPU
		{F9096841-DF7F-41C1-8D9B-BE24D1CAF971}.Debug|iPhoneSimulator.Deploy.0 = Debug|Any CPU
		{F9096841-DF7F-41C1-8D9B-BE24D1CAF971}.Debug|x86.ActiveCfg = Debug|Any CPU
		{F9096841-DF7F-41C1-8D9B-BE24D1CAF971}.Debug|x86.Build.0 = Debug|Any CPU
		{F9096841-DF7F-41C1-8D9B-BE24D1CAF971}.Debug|x86.Deploy.0 = Debug|Any CPU
		{F9096841-DF7F-41C1-8D9B-BE24D1CAF971}.Release|Any CPU.ActiveCfg = Release|Any CPU
		{F9096841-DF7F-41C1-8D9B-BE24D1CAF971}.Release|Any CPU.Build.0 = Release|Any CPU
		{F9096841-DF7F-41C1-8D9B-BE24D1CAF971}.Release|Any CPU.Deploy.0 = Release|Any CPU
		{F9096841-DF7F-41C1-8D9B-BE24D1CAF971}.Release|iPhone.ActiveCfg = Release|Any CPU
		{F9096841-DF7F-41C1-8D9B-BE24D1CAF971}.Release|iPhone.Build.0 = Release|Any CPU
		{F9096841-DF7F-41C1-8D9B-BE24D1CAF971}.Release|iPhone.Deploy.0 = Release|Any CPU
		{F9096841-DF7F-41C1-8D9B-BE24D1CAF971}.Release|iPhoneSimulator.ActiveCfg = Release|Any CPU
		{F9096841-DF7F-41C1-8D9B-BE24D1CAF971}.Release|iPhoneSimulator.Build.0 = Release|Any CPU
		{F9096841-DF7F-41C1-8D9B-BE24D1CAF971}.Release|iPhoneSimulator.Deploy.0 = Release|Any CPU
		{F9096841-DF7F-41C1-8D9B-BE24D1CAF971}.Release|x86.ActiveCfg = Release|Any CPU
		{F9096841-DF7F-41C1-8D9B-BE24D1CAF971}.Release|x86.Build.0 = Release|Any CPU
		{F9096841-DF7F-41C1-8D9B-BE24D1CAF971}.Release|x86.Deploy.0 = Release|Any CPU
		{87FB2945-D809-49E8-89D0-80C4C31A3A5C}.Ad-Hoc|Any CPU.ActiveCfg = Ad-Hoc|iPhone
		{87FB2945-D809-49E8-89D0-80C4C31A3A5C}.Ad-Hoc|iPhone.ActiveCfg = Ad-Hoc|iPhone
		{87FB2945-D809-49E8-89D0-80C4C31A3A5C}.Ad-Hoc|iPhone.Build.0 = Ad-Hoc|iPhone
		{87FB2945-D809-49E8-89D0-80C4C31A3A5C}.Ad-Hoc|iPhoneSimulator.ActiveCfg = Ad-Hoc|iPhoneSimulator
		{87FB2945-D809-49E8-89D0-80C4C31A3A5C}.Ad-Hoc|iPhoneSimulator.Build.0 = Ad-Hoc|iPhoneSimulator
		{87FB2945-D809-49E8-89D0-80C4C31A3A5C}.Ad-Hoc|x86.ActiveCfg = Ad-Hoc|iPhone
		{87FB2945-D809-49E8-89D0-80C4C31A3A5C}.AppStore|Any CPU.ActiveCfg = AppStore|iPhone
		{87FB2945-D809-49E8-89D0-80C4C31A3A5C}.AppStore|iPhone.ActiveCfg = AppStore|iPhone
		{87FB2945-D809-49E8-89D0-80C4C31A3A5C}.AppStore|iPhone.Build.0 = AppStore|iPhone
		{87FB2945-D809-49E8-89D0-80C4C31A3A5C}.AppStore|iPhoneSimulator.ActiveCfg = AppStore|iPhoneSimulator
		{87FB2945-D809-49E8-89D0-80C4C31A3A5C}.AppStore|iPhoneSimulator.Build.0 = AppStore|iPhoneSimulator
		{87FB2945-D809-49E8-89D0-80C4C31A3A5C}.AppStore|x86.ActiveCfg = AppStore|iPhone
		{87FB2945-D809-49E8-89D0-80C4C31A3A5C}.Debug|Any CPU.ActiveCfg = Debug|iPhone
		{87FB2945-D809-49E8-89D0-80C4C31A3A5C}.Debug|iPhone.ActiveCfg = Debug|iPhone
		{87FB2945-D809-49E8-89D0-80C4C31A3A5C}.Debug|iPhone.Build.0 = Debug|iPhone
		{87FB2945-D809-49E8-89D0-80C4C31A3A5C}.Debug|iPhoneSimulator.ActiveCfg = Debug|iPhoneSimulator
		{87FB2945-D809-49E8-89D0-80C4C31A3A5C}.Debug|iPhoneSimulator.Build.0 = Debug|iPhoneSimulator
		{87FB2945-D809-49E8-89D0-80C4C31A3A5C}.Debug|x86.ActiveCfg = Debug|iPhone
		{87FB2945-D809-49E8-89D0-80C4C31A3A5C}.Release|Any CPU.ActiveCfg = Release|iPhone
		{87FB2945-D809-49E8-89D0-80C4C31A3A5C}.Release|iPhone.ActiveCfg = Release|iPhone
		{87FB2945-D809-49E8-89D0-80C4C31A3A5C}.Release|iPhone.Build.0 = Release|iPhone
		{87FB2945-D809-49E8-89D0-80C4C31A3A5C}.Release|iPhoneSimulator.ActiveCfg = Release|iPhoneSimulator
		{87FB2945-D809-49E8-89D0-80C4C31A3A5C}.Release|iPhoneSimulator.Build.0 = Release|iPhoneSimulator
		{87FB2945-D809-49E8-89D0-80C4C31A3A5C}.Release|x86.ActiveCfg = Release|iPhone
		{C6E8EB85-8AB3-4711-A98B-2442B0DC0EA2}.Ad-Hoc|Any CPU.ActiveCfg = Release|x86
		{C6E8EB85-8AB3-4711-A98B-2442B0DC0EA2}.Ad-Hoc|Any CPU.Build.0 = Release|x86
		{C6E8EB85-8AB3-4711-A98B-2442B0DC0EA2}.Ad-Hoc|iPhone.ActiveCfg = Release|x86
		{C6E8EB85-8AB3-4711-A98B-2442B0DC0EA2}.Ad-Hoc|iPhone.Build.0 = Release|x86
		{C6E8EB85-8AB3-4711-A98B-2442B0DC0EA2}.Ad-Hoc|iPhoneSimulator.ActiveCfg = Release|x86
		{C6E8EB85-8AB3-4711-A98B-2442B0DC0EA2}.Ad-Hoc|iPhoneSimulator.Build.0 = Release|x86
		{C6E8EB85-8AB3-4711-A98B-2442B0DC0EA2}.Ad-Hoc|x86.ActiveCfg = Release|x86
		{C6E8EB85-8AB3-4711-A98B-2442B0DC0EA2}.Ad-Hoc|x86.Build.0 = Release|x86
		{C6E8EB85-8AB3-4711-A98B-2442B0DC0EA2}.AppStore|Any CPU.ActiveCfg = Release|x86
		{C6E8EB85-8AB3-4711-A98B-2442B0DC0EA2}.AppStore|Any CPU.Build.0 = Release|x86
		{C6E8EB85-8AB3-4711-A98B-2442B0DC0EA2}.AppStore|iPhone.ActiveCfg = Release|x86
		{C6E8EB85-8AB3-4711-A98B-2442B0DC0EA2}.AppStore|iPhone.Build.0 = Release|x86
		{C6E8EB85-8AB3-4711-A98B-2442B0DC0EA2}.AppStore|iPhoneSimulator.ActiveCfg = Release|x86
		{C6E8EB85-8AB3-4711-A98B-2442B0DC0EA2}.AppStore|iPhoneSimulator.Build.0 = Release|x86
		{C6E8EB85-8AB3-4711-A98B-2442B0DC0EA2}.AppStore|x86.ActiveCfg = Release|x86
		{C6E8EB85-8AB3-4711-A98B-2442B0DC0EA2}.AppStore|x86.Build.0 = Release|x86
		{C6E8EB85-8AB3-4711-A98B-2442B0DC0EA2}.Debug|Any CPU.ActiveCfg = Debug|Any CPU
		{C6E8EB85-8AB3-4711-A98B-2442B0DC0EA2}.Debug|Any CPU.Build.0 = Debug|Any CPU
		{C6E8EB85-8AB3-4711-A98B-2442B0DC0EA2}.Debug|iPhone.ActiveCfg = Debug|x86
		{C6E8EB85-8AB3-4711-A98B-2442B0DC0EA2}.Debug|iPhoneSimulator.ActiveCfg = Debug|x86
		{C6E8EB85-8AB3-4711-A98B-2442B0DC0EA2}.Debug|x86.ActiveCfg = Debug|x86
		{C6E8EB85-8AB3-4711-A98B-2442B0DC0EA2}.Debug|x86.Build.0 = Debug|x86
		{C6E8EB85-8AB3-4711-A98B-2442B0DC0EA2}.Release|Any CPU.ActiveCfg = Release|x86
		{C6E8EB85-8AB3-4711-A98B-2442B0DC0EA2}.Release|iPhone.ActiveCfg = Release|x86
		{C6E8EB85-8AB3-4711-A98B-2442B0DC0EA2}.Release|iPhoneSimulator.ActiveCfg = Release|x86
		{C6E8EB85-8AB3-4711-A98B-2442B0DC0EA2}.Release|x86.ActiveCfg = Release|x86
		{C6E8EB85-8AB3-4711-A98B-2442B0DC0EA2}.Release|x86.Build.0 = Release|x86
	EndGlobalSection
	GlobalSection(SolutionProperties) = preSolution
		HideSolutionNode = FALSE
	EndGlobalSection
	GlobalSection(ExtensibilityGlobals) = postSolution
		SolutionGuid = {BCCF43E9-E5AA-413C-8D6E-2AB545D61F6F}
	EndGlobalSection
EndGlobal
